# @generated by Move, please check-in and do not edit manually.

[move]
version = 3
manifest_digest = "C2AC50C3DADC20A9BC9C4473015BF689654F2549655BBCE287C1EA2477294A4F"
deps_digest = "F9B494B64F0615AED0E98FC12A85B85ECD2BC5185C22D30E7F67786BB52E507C"
dependencies = [
  { id = "Iota", name = "Iota" },
  { id = "IotaSystem", name = "IotaSystem" },
  { id = "MoveStdlib", name = "MoveStdlib" },
  { id = "Stardust", name = "Stardust" },
]

[[move.package]]
id = "Iota"
source = { git = "https://github.com/iotaledger/iota.git", rev = "e3c45c9370f14b8137fd1bb9d109d3563d416223", subdir = "crates/iota-framework/packages/iota-framework" }

dependencies = [
  { id = "MoveStdlib", name = "MoveStdlib" },
]

[[move.package]]
id = "IotaSystem"
source = { git = "https://github.com/iotaledger/iota.git", rev = "e3c45c9370f14b8137fd1bb9d109d3563d416223", subdir = "crates/iota-framework/packages/iota-system" }

dependencies = [
  { id = "Iota", name = "Iota" },
  { id = "MoveStdlib", name = "MoveStdlib" },
]

[[move.package]]
id = "MoveStdlib"
source = { git = "https://github.com/iotaledger/iota.git", rev = "e3c45c9370f14b8137fd1bb9d109d3563d416223", subdir = "crates/iota-framework/packages/move-stdlib" }

[[move.package]]
id = "Stardust"
source = { git = "https://github.com/iotaledger/iota.git", rev = "e3c45c9370f14b8137fd1bb9d109d3563d416223", subdir = "crates/iota-framework/packages/stardust" }

dependencies = [
  { id = "Iota", name = "Iota" },
  { id = "MoveStdlib", name = "MoveStdlib" },
]

[move.toolchain-version]
compiler-version = "1.7.0"
edition = "2024"
flavor = "iota"

[env]

[env.testnet]
chain-id = "2304aa97"
original-published-id = "0x222741bbdff74b42df48a7b4733185e9b24becb8ccfbafe8eac864ab4e4cc555"
latest-published-id = "0x29359d33a2e84f04407da0d6cff15dd8ad271c75493ef6b78f381993e4c0abb0"
published-version = "3"

[env.devnet]
chain-id = "e678123a"
original-published-id = "0xe6fa03d273131066036f1d2d4c3d919b9abbca93910769f26a924c7a01811103"
latest-published-id = "0xc04befdea27caa7e277f0b738bfcd29fc463cd2a5885ae7f0a9fd3e2d635a8b8"
published-version = "3"

[env.localnet]
chain-id = "a8b1852e"
original-published-id = "0x8e5fafc34b809058adbe9baced438e2b22630348cdd12606854a81ca929c21af"
latest-published-id = "0x8e5fafc34b809058adbe9baced438e2b22630348cdd12606854a81ca929c21af"
published-version = "1"

[env.mainnet]
chain-id = "6364aad5"
original-published-id = "0x84cf5d12de2f9731a89bb519bc0c982a941b319a33abefdd5ed2054ad931de08"
latest-published-id = "0x36d0d56aea27a59f620ba32b6dd47a5e68d810714468bd270fda5ad37a478767"
published-version = "2"
